// !$*UTF8*$!
{
	archiveVersion = 1;
	classes = {
	};
	objectVersion = 46;
	objects = {

/* Begin PBXBuildFile section */
		A867C4031EF812DB0050447B /* AppDelegate.swift in Sources */ = {isa = PBXBuildFile; fileRef = A867C4021EF812DB0050447B /* AppDelegate.swift */; };
		A867C4051EF812DB0050447B /* ViewController.swift in Sources */ = {isa = PBXBuildFile; fileRef = A867C4041EF812DB0050447B /* ViewController.swift */; };
		A867C4081EF812DB0050447B /* Main.storyboard in Resources */ = {isa = PBXBuildFile; fileRef = A867C4061EF812DB0050447B /* Main.storyboard */; settings = {ASSET_TAGS = (label, ); }; };
		A867C40A1EF812DB0050447B /* Assets.xcassets in Resources */ = {isa = PBXBuildFile; fileRef = A867C4091EF812DB0050447B /* Assets.xcassets */; };
		A867C40D1EF812DB0050447B /* LaunchScreen.storyboard in Resources */ = {isa = PBXBuildFile; fileRef = A867C40B1EF812DB0050447B /* LaunchScreen.storyboard */; };
/* End PBXBuildFile section */

/* Begin PBXFileReference section */
		A867C3FF1EF812DB0050447B /* SwiftJSON.app */ = {isa = PBXFileReference; explicitFileType = wrapper.application; includeInIndex = 0; path = SwiftJSON.app; sourceTree = BUILT_PRODUCTS_DIR; };
		A867C4021EF812DB0050447B /* AppDelegate.swift */ = {isa = PBXFileReference; lastKnownFileType = sourcecode.swift; path = AppDelegate.swift; sourceTree = "<group>"; };
		A867C4041EF812DB0050447B /* ViewController.swift */ = {isa = PBXFileReference; lastKnownFileType = sourcecode.swift; path = ViewController.swift; sourceTree = "<group>"; };
		A867C4071EF812DB0050447B /* Base */ = {isa = PBXFileReference; lastKnownFileType = file.storyboard; name = Base; path = Base.lproj/Main.storyboard; sourceTree = "<group>"; };
		A867C4091EF812DB0050447B /* Assets.xcassets */ = {isa = PBXFileReference; lastKnownFileType = folder.assetcatalog; path = Assets.xcassets; sourceTree = "<group>"; };
		A867C40C1EF812DB0050447B /* Base */ = {isa = PBXFileReference; lastKnownFileType = file.storyboard; name = Base; path = Base.lproj/LaunchScreen.storyboard; sourceTree = "<group>"; };
		A867C40E1EF812DB0050447B /* Info.plist */ = {isa = PBXFileReference; lastKnownFileType = text.plist.xml; path = Info.plist; sourceTree = "<group>"; };
/* End PBXFileReference section */

/* Begin PBXFrameworksBuildPhase section */
		A867C3FC1EF812DB0050447B /* Frameworks */ = {
			isa = PBXFrameworksBuildPhase;
			buildActionMask = 2147483647;
			files = (
			);
			runOnlyForDeploymentPostprocessing = 0;
		};
/* End PBXFrameworksBuildPhase section */

/* Begin PBXGroup section */
		A867C3F61EF812DA0050447B = {
			isa = PBXGroup;
			children = (
				A867C4011EF812DB0050447B /* SwiftJSON */,
				A867C4001EF812DB0050447B /* Products */,
			);
			sourceTree = "<group>";
		};
		A867C4001EF812DB0050447B /* Products */ = {
			isa = PBXGroup;
			children = (
				A867C3FF1EF812DB0050447B /* SwiftJSON.app */,
			);
			name = Products;
			sourceTree = "<group>";
		};
		A867C4011EF812DB0050447B /* SwiftJSON */ = {
			isa = PBXGroup;
			children = (
				A867C4021EF812DB0050447B /* AppDelegate.swift */,
				A867C4041EF812DB0050447B /* ViewController.swift */,
				A867C4061EF812DB0050447B /* Main.storyboard */,
				A867C4091EF812DB0050447B /* Assets.xcassets */,
				A867C40B1EF812DB0050447B /* LaunchScreen.storyboard */,
				A867C40E1EF812DB0050447B /* Info.plist */,
			);
			path = SwiftJSON;
			sourceTree = "<group>";
		};
/* End PBXGroup section */

/* Begin PBXNativeTarget section */
		A867C3FE1EF812DB0050447B /* SwiftJSON */ = {
			isa = PBXNativeTarget;
			buildConfigurationList = A867C4111EF812DB0050447B /* Build configuration list for PBXNativeTarget "SwiftJSON" */;
			buildPhases = (
				A867C3FB1EF812DB0050447B /* Sources */,
				A867C3FC1EF812DB0050447B /* Frameworks */,
				A867C3FD1EF812DB0050447B /* Resources */,
			);
			buildRules = (
			);
			dependencies = (
			);
			name = SwiftJSON;
			productName = SwiftJSON;
			productReference = A867C3FF1EF812DB0050447B /* SwiftJSON.app */;
			productType = "com.apple.product-type.application";
		};
/* End PBXNativeTarget section */

/* Begin PBXProject section */
		A867C3F71EF812DA0050447B /* Project object */ = {
			isa = PBXProject;
			attributes = {
				KnownAssetTags = (
					label,
				);
				LastSwiftUpdateCheck = 0830;
				LastUpgradeCheck = 0830;
				ORGANIZATIONNAME = "Li Wen Cheng";
				TargetAttributes = {
					A867C3FE1EF812DB0050447B = {
						CreatedOnToolsVersion = 8.3.3;
						ProvisioningStyle = Automatic;
					};
				};
			};
			buildConfigurationList = A867C3FA1EF812DA0050447B /* Build configuration list for PBXProject "SwiftJSON" */;
			compatibilityVersion = "Xcode 3.2";
			developmentRegion = English;
			hasScannedForEncodings = 0;
			knownRegions = (
				en,
				Base,
			);
			mainGroup = A867C3F61EF812DA0050447B;
			productRefGroup = A867C4001EF812DB0050447B /* Products */;
			projectDirPath = "";
			projectRoot = "";
			targets = (
				A867C3FE1EF812DB0050447B /* SwiftJSON */,
			);
		};
/* End PBXProject section */

/* Begin PBXResourcesBuildPhase section */
		A867C3FD1EF812DB0050447B /* Resources */ = {
			isa = PBXResourcesBuildPhase;
			buildActionMask = 2147483647;
			files = (
				A867C40D1EF812DB0050447B /* LaunchScreen.storyboard in Resources */,
				A867C40A1EF812DB0050447B /* Assets.xcassets in Resources */,
				A867C4081EF812DB0050447B /* Main.storyboard in Resources */,
			);
			runOnlyForDeploymentPostprocessing = 0;
		};
/* End PBXResourcesBuildPhase section */

/* Begin PBXSourcesBuildPhase section */
		A867C3FB1EF812DB0050447B /* Sources */ = {
			isa = PBXSourcesBuildPhase;
			buildActionMask = 2147483647;
			files = (
				A867C4051EF812DB0050447B /* ViewController.swift in Sources */,
				A867C4031EF812DB0050447B /* AppDelegate.swift in Sources */,
			);
			runOnlyForDeploymentPostprocessing = 0;
		};
/* End PBXSourcesBuildPhase section */

/* Begin PBXVariantGroup section */
		A867C4061EF812DB0050447B /* Main.storyboard */ = {
			isa = PBXVariantGroup;
			children = (
				A867C4071EF812DB0050447B /* Base */,
			);
			name = Main.storyboard;
			sourceTree = "<group>";
		};
		A867C40B1EF812DB0050447B /* LaunchScreen.storyboard */ = {
			isa = PBXVariantGroup;
			children = (
				A867C40C1EF812DB0050447B /* Base */,
			);
			name = LaunchScreen.storyboard;
			sourceTree = "<group>";
		};
/* End PBXVariantGroup section */

/* Begin XCBuildConfiguration section */
		A867C40F1EF812DB0050447B /* Debug */ = {
			isa = XCBuildConfiguration;
			buildSettings = {
				ALWAYS_SEARCH_USER_PATHS = NO;
				CLANG_ANALYZER_NONNULL = YES;
				CLANG_ANALYZER_NUMBER_OBJECT_CONVERSION = YES_AGGRESSIVE;
				CLANG_CXX_LANGUAGE_STANDARD = "gnu++0x";
				CLANG_CXX_LIBRARY = "libc++";
				CLANG_ENABLE_MODULES = YES;
				CLANG_ENABLE_OBJC_ARC = YES;
				CLANG_WARN_BOOL_CONVERSION = YES;
				CLANG_WARN_CONSTANT_CONVERSION = YES;
				CLANG_WARN_DIRECT_OBJC_ISA_USAGE = YES_ERROR;
				CLANG_WARN_DOCUMENTATION_COMMENTS = YES;
				CLANG_WARN_EMPTY_BODY = YES;
				CLANG_WARN_ENUM_CONVERSION = YES;
				CLANG_WARN_INFINITE_RECURSION = YES;
				CLANG_WARN_INT_CONVERSION = YES;
				CLANG_WARN_OBJC_ROOT_CLASS = YES_ERROR;
				CLANG_WARN_SUSPICIOUS_MOVE = YES;
				CLANG_WARN_UNREACHABLE_CODE = YES;
				CLANG_WARN__DUPLICATE_METHOD_MATCH = YES;
				"CODE_SIGN_IDENTITY[sdk=iphoneos*]" = "iPhone Developer";
				COPY_PHASE_STRIP = NO;
				DEBUG_INFORMATION_FORMAT = dwarf;
				ENABLE_STRICT_OBJC_MSGSEND = YES;
				ENABLE_TESTABILITY = YES;
				GCC_C_LANGUAGE_STANDARD = gnu99;
				GCC_DYNAMIC_NO_PIC = NO;
				GCC_NO_COMMON_BLOCKS = YES;
				GCC_OPTIMIZATION_LEVEL = 0;
				GCC_PREPROCESSOR_DEFINITIONS = (
					"DEBUG=1",
					"$(inherited)",
				);
				GCC_WARN_64_TO_32_BIT_CONVERSION = YES;
				GCC_WARN_ABOUT_RETURN_TYPE = YES_ERROR;
				GCC_WARN_UNDECLARED_SELECTOR = YES;
				GCC_WARN_UNINITIALIZED_AUTOS = YES_AGGRESSIVE;
				GCC_WARN_UNUSED_FUNCTION = YES;
				GCC_WARN_UNUSED_VARIABLE = YES;
				IPHONEOS_DEPLOYMENT_TARGET = 10.3;
				MTL_ENABLE_DEBUG_INFO = YES;
				ONLY_ACTIVE_ARCH = YES;
				SDKROOT = iphoneos;
				SWIFT_ACTIVE_COMPILATION_CONDITIONS = DEBUG;
				SWIFT_OPTIMIZATION_LEVEL = "-Onone";
				TARGETED_DEVICE_FAMILY = "1,2";
			};
			name = Debug;
		};
		A867C4101EF812DB0050447B /* Release */ = {
			isa = XCBuildConfiguration;
			buildSettings = {
				ALWAYS_SEARCH_USER_PATHS = NO;
				CLANG_ANALYZER_NONNULL = YES;
				CLANG_ANALYZER_NUMBER_OBJECT_CONVERSION = YES_AGGRESSIVE;
				CLANG_CXX_LANGUAGE_STANDARD = "gnu++0x";
				CLANG_CXX_LIBRARY = "libc++";
				CLANG_ENABLE_MODULES = YES;
				CLANG_ENABLE_OBJC_ARC = YES;
				CLANG_WARN_BOOL_CONVERSION = YES;
				CLANG_WARN_CONSTANT_CONVERSION = YES;
				CLANG_WARN_DIRECT_OBJC_ISA_USAGE = YES_ERROR;
				CLANG_WARN_DOCUMENTATION_COMMENTS = YES;
				CLANG_WARN_EMPTY_BODY = YES;
				CLANG_WARN_ENUM_CONVERSION = YES;
				CLANG_WARN_INFINITE_RECURSION = YES;
				CLANG_WARN_INT_CONVERSION = YES;
				CLANG_WARN_OBJC_ROOT_CLASS = YES_ERROR;
				CLANG_WARN_SUSPICIOUS_MOVE = YES;
				CLANG_WARN_UNREACHABLE_CODE = YES;
				CLANG_WARN__DUPLICATE_METHOD_MATCH = YES;
				"CODE_SIGN_IDENTITY[sdk=iphoneos*]" = "iPhone Developer";
				COPY_PHASE_STRIP = NO;
				DEBUG_INFORMATION_FORMAT = "dwarf-with-dsym";
				ENABLE_NS_ASSERTIONS = NO;
				ENABLE_STRICT_OBJC_MSGSEND = YES;
				GCC_C_LANGUAGE_STANDARD = gnu99;
				GCC_NO_COMMON_BLOCKS = YES;
				GCC_WARN_64_TO_32_BIT_CONVERSION = YES;
				GCC_WARN_ABOUT_RETURN_TYPE = YES_ERROR;
				GCC_WARN_UNDECLARED_SELECTOR = YES;
				GCC_WARN_UNINITIALIZED_AUTOS = YES_AGGRESSIVE;
				GCC_WARN_UNUSED_FUNCTION = YES;
				GCC_WARN_UNUSED_VARIABLE = YES;
				IPHONEOS_DEPLOYMENT_TARGET = 10.3;
				MTL_ENABLE_DEBUG_INFO = NO;
				SDKROOT = iphoneos;
				SWIFT_OPTIMIZATION_LEVEL = "-Owholemodule";
				TARGETED_DEVICE_FAMILY = "1,2";
				VALIDATE_PRODUCT = YES;
			};
			name = Release;
		};
		A867C4121EF812DB0050447B /* Debug */ = {
			isa = XCBuildConfiguration;
			buildSettings = {
				ASSETCATALOG_COMPILER_APPICON_NAME = AppIcon;
				INFOPLIST_FILE = SwiftJSON/Info.plist;
				LD_RUNPATH_SEARCH_PATHS = "$(inherited) @executable_path/Frameworks";
				PRODUCT_BUNDLE_IDENTIFIER = danny.SwiftJSON;
				PRODUCT_NAME = "$(TARGET_NAME)";
				SWIFT_VERSION = 3.0;
			};
			name = Debug;
		};
		A867C4131EF812DB0050447B /* Release */ = {
			isa = XCBuildConfiguration;
			buildSettings = {
				ASSETCATALOG_COMPILER_APPICON_NAME = AppIcon;
				INFOPLIST_FILE = SwiftJSON/Info.plist;
				LD_RUNPATH_SEARCH_PATHS = "$(inherited) @executable_path/Frameworks";
				PRODUCT_BUNDLE_IDENTIFIER = danny.SwiftJSON;
				PRODUCT_NAME = "$(TARGET_NAME)";
				SWIFT_VERSION = 3.0;
			};
			name = Release;
		};
/* End XCBuildConfiguration section */

/* Begin XCConfigurationList section */
		A867C3FA1EF812DA0050447B /* Build configuration list for PBXProject "SwiftJSON" */ = {
			isa = XCConfigurationList;
			buildConfigurations = (
				A867C40F1EF812DB0050447B /* Debug */,
				A867C4101EF812DB0050447B /* Release */,
			);
			defaultConfigurationIsVisible = 0;
			defaultConfigurationName = Release;
		};
		A867C4111EF812DB0050447B /* Build configuration list for PBXNativeTarget "SwiftJSON" */ = {
			isa = XCConfigurationList;
			buildConfigurations = (
				A867C4121EF812DB0050447B /* Debug */,
				A867C4131EF812DB0050447B /* Release */,
			);
			defaultConfigurationIsVisible = 0;
		};
/* End XCConfigurationList section */
	};
	rootObject = A867C3F71EF812DA0050447B /* Project object */;
}
